# This file is autogenerated, do not edit; changes may be undone by the next 'dep ensure'.


[[projects]]
  digest = "1:167b6f65a6656de568092189ae791253939f076df60231fdd64588ac703892a1"
  name = "github.com/BurntSushi/toml"
  packages = ["."]
  pruneopts = "NUT"
  revision = "b26d9c308763d68093482582cea63d69be07a0f0"
  version = "v0.3.0"

[[projects]]
  branch = "master"
  digest = "1:e2e95099f1a984e9a20f247dc6d1e2ba5bf1ddc6c8eebc5001498e50d6c390ff"
  name = "github.com/alex-ant/envs"
  packages = ["."]
  pruneopts = "NUT"
  revision = "ff120f8dc147f9250185cf51414c100647044505"

[[projects]]
  branch = "master"
  digest = "1:3db30c2a57d26375f9c73c7e011f9945e60a738f6dc65b973d474a69866a6108"
  name = "github.com/fasttrack-solutions/go-mysql"
  packages = [
    "canal",
    "client",
    "dump",
    "mysql",
    "packet",
    "replication",
    "schema",
  ]
  pruneopts = "NUT"
  revision = "f38deda480a75d07893cf8b2529a73d34edf186b"

[[projects]]
  digest = "1:1ec082b4d1039a72df4d81363a277de2c57d97c601790b7e1581020f8bd3cac5"
  name = "github.com/go-redis/redis"
  packages = [
    ".",
    "internal",
    "internal/consistenthash",
    "internal/hashtag",
    "internal/pool",
    "internal/proto",
    "internal/singleflight",
    "internal/util",
  ]
  pruneopts = "NUT"
  revision = "b3d9bf10f6666b2ee5100a6f3f84f4caf3b4e37d"
  version = "v6.14.2"

[[projects]]
  branch = "master"
  digest = "1:b042670ecd8bc03ce6ec7b27d78681f6185561682e3e7eb5300c8275a82882d7"
  name = "github.com/juju/errors"
  packages = ["."]
  pruneopts = "NUT"
  revision = "812b06ada1776ad4dd95d575e18ffffe3a9ac34a"

[[projects]]
  branch = "master"
  digest = "1:853fe95bef4c5e8a70dcd405b5206b38a9ff09e9c26fef93d1d0adeaea39f9ce"
  name = "github.com/mailru/easyjson"
  packages = [
    ".",
    "buffer",
    "jlexer",
    "jwriter",
  ]
  pruneopts = "NUT"
  revision = "60711f1a8329503b04e1c88535f419d0bb440bff"

[[projects]]
  digest = "1:bff482b22ebed387378546ba6a7850fdef87fd47f8ee58a7c62124a8e889a56b"
  name = "github.com/mattn/go-runewidth"
  packages = ["."]
  pruneopts = "NUT"
  revision = "ce7b0b5c7b45a81508558cd1dba6bb1e4ddb51bb"
  version = "v0.0.3"

[[projects]]
  digest = "1:a37f6e86e990987d8b1b7642dd1b9763d914cb9bc862d493bae7b53158ac4b27"
  name = "github.com/olekukonko/tablewriter"
  packages = ["."]
  pruneopts = "NUT"
  revision = "e6d60cf7ba1f42d86d54cdf5508611c4aafb3970"
  version = "v0.0.1"

[[projects]]
  digest = "1:a90ec77534623646c77de67eb8b30b8dccc74a9e5fc8551eba8f3d71ce989d6f"
  name = "github.com/olivere/elastic"
  packages = [
    "config",
    "uritemplates",
  ]
  pruneopts = "NUT"
  revision = "4982266e48e0dc5c639e389b50221dcef09cdc99"
  version = "v6.2.12"

[[projects]]
  branch = "master"
  digest = "1:dc85cc12f7f97c2b033157f9d40395b2f0458b7bd3083257f8f661ea6f48f89a"
  name = "github.com/pingcap/check"
  packages = ["."]
  pruneopts = "NUT"
  revision = "1c287c953996ab3a0bf535dba9d53d809d3dc0b6"

[[projects]]
  digest = "1:5cf3f025cbee5951a4ee961de067c8a89fc95a5adabead774f82822efabab121"
  name = "github.com/pkg/errors"
  packages = ["."]
  pruneopts = "NUT"
  revision = "645ef00459ed84a119197bfb8d8205042c6df63d"
  version = "v0.8.0"

[[projects]]
  digest = "1:6bc0652ea6e39e22ccd522458b8bdd8665bf23bdc5a20eec90056e4dc7e273ca"
  name = "github.com/satori/go.uuid"
  packages = ["."]
  pruneopts = "NUT"
  revision = "f58768cc1a7a7e77a3bd49e98cdd21419399b6a3"
  version = "v1.2.0"

[[projects]]
  digest = "1:11afe1ad32273aeda2ff5e80317638da5006aff881263b995038900a89494eff"
  name = "github.com/shopspring/decimal"
  packages = ["."]
  pruneopts = "NUT"
  revision = "cd690d0c9e2447b1ef2a129a6b7b49077da89b8e"
  version = "1.1.0"

[[projects]]
  branch = "master"
  digest = "1:945ae3e4f0012ca55293d56fc7f298ff948772c0ee156f8cc9b1c149bc9dde57"
  name = "github.com/siddontang/go"
  packages = [
    "hack",
    "ioutil2",
    "sync2",
  ]
  pruneopts = "NUT"
  revision = "bdc77568d726a8702315ec4eafda030b6abc4f43"

[[projects]]
  branch = "master"
  digest = "1:22d4ade969b8af6af12062fbd4c68500553aef9366d245421da47dd7a8929a02"
  name = "github.com/siddontang/go-log"
  packages = [
    "log",
    "loggers",
  ]
  pruneopts = "NUT"
  revision = "a4d157e46fa3e08b7e7ff329af341fa3ff86c02c"

[[projects]]
  digest = "1:a433b75f39c9295e8201dc9b6e50d6f0ba22b0f81e396f425a87802ee0bfa109"
  name = "gopkg.in/olivere/elastic.v6"
  packages = ["."]
  pruneopts = "NUT"
  revision = "4982266e48e0dc5c639e389b50221dcef09cdc99"
  version = "v6.2.12"

[solve-meta]
  analyzer-name = "dep"
  analyzer-version = 1
  input-imports = [
    "github.com/BurntSushi/toml",
    "github.com/alex-ant/envs",
    "github.com/fasttrack-solutions/go-mysql/canal",
    "github.com/fasttrack-solutions/go-mysql/client",
    "github.com/fasttrack-solutions/go-mysql/mysql",
    "github.com/fasttrack-solutions/go-mysql/replication",
    "github.com/fasttrack-solutions/go-mysql/schema",
    "github.com/go-redis/redis",
    "github.com/juju/errors",
    "github.com/pingcap/check",
    "github.com/siddontang/go-log/log",
    "github.com/siddontang/go/ioutil2",
    "github.com/siddontang/go/sync2",
    "gopkg.in/olivere/elastic.v6",
  ]
  solver-name = "gps-cdcl"
  solver-version = 1
